
Microsoft Visual Studio Solution File, Format Version 12.00
# Visual Studio 15
VisualStudioVersion = 15.0.27703.2018
MinimumVisualStudioVersion = 10.0.40219.1
Project("{FAE04EC0-301F-11D3-BF4B-00C04F79EFBC}") = "Pile", "Pile\Pile.csproj", "{8A195944-4BAF-440F-9AFE-219F35598647}"
EndProject
Project("{FAE04EC0-301F-11D3-BF4B-00C04F79EFBC}") = "Accumulateur", "Accumulateur\Accumulateur.csproj", "{ED6E49DA-F645-4DD8-8773-5B0866265F0D}"
EndProject
Project("{FAE04EC0-301F-11D3-BF4B-00C04F79EFBC}") = "État", "État\État.csproj", "{38DA6C1E-487A-40FF-9103-97ED21790B8E}"
EndProject
Project("{FAE04EC0-301F-11D3-BF4B-00C04F79EFBC}") = "UnitTestProject", "UnitTestProject\UnitTestProject.csproj", "{80DB3E4B-6E9E-4B39-9A1B-B0BC10A3E4E9}"
EndProject
Project("{FAE04EC0-301F-11D3-BF4B-00C04F79EFBC}") = "TempObject", "TempObject\TempObject.csproj", "{FB68CC80-72F1-4B5E-8047-B3D5894B3770}"
EndProject
Global
	GlobalSection(SolutionConfigurationPlatforms) = preSolution
		Debug|Any CPU = Debug|Any CPU
		Release|Any CPU = Release|Any CPU
	EndGlobalSection
	GlobalSection(ProjectConfigurationPlatforms) = postSolution
		{8A195944-4BAF-440F-9AFE-219F35598647}.Debug|Any CPU.ActiveCfg = Debug|Any CPU
		{8A195944-4BAF-440F-9AFE-219F35598647}.Debug|Any CPU.Build.0 = Debug|Any CPU
		{8A195944-4BAF-440F-9AFE-219F35598647}.Release|Any CPU.ActiveCfg = Release|Any CPU
		{8A195944-4BAF-440F-9AFE-219F35598647}.Release|Any CPU.Build.0 = Release|Any CPU
		{ED6E49DA-F645-4DD8-8773-5B0866265F0D}.Debug|Any CPU.ActiveCfg = Debug|Any CPU
		{ED6E49DA-F645-4DD8-8773-5B0866265F0D}.Debug|Any CPU.Build.0 = Debug|Any CPU
		{ED6E49DA-F645-4DD8-8773-5B0866265F0D}.Release|Any CPU.ActiveCfg = Release|Any CPU
		{ED6E49DA-F645-4DD8-8773-5B0866265F0D}.Release|Any CPU.Build.0 = Release|Any CPU
		{38DA6C1E-487A-40FF-9103-97ED21790B8E}.Debug|Any CPU.ActiveCfg = Debug|Any CPU
		{38DA6C1E-487A-40FF-9103-97ED21790B8E}.Debug|Any CPU.Build.0 = Debug|Any CPU
		{38DA6C1E-487A-40FF-9103-97ED21790B8E}.Release|Any CPU.ActiveCfg = Release|Any CPU
		{38DA6C1E-487A-40FF-9103-97ED21790B8E}.Release|Any CPU.Build.0 = Release|Any CPU
		{80DB3E4B-6E9E-4B39-9A1B-B0BC10A3E4E9}.Debug|Any CPU.ActiveCfg = Debug|Any CPU
		{80DB3E4B-6E9E-4B39-9A1B-B0BC10A3E4E9}.Debug|Any CPU.Build.0 = Debug|Any CPU
		{80DB3E4B-6E9E-4B39-9A1B-B0BC10A3E4E9}.Release|Any CPU.ActiveCfg = Release|Any CPU
		{80DB3E4B-6E9E-4B39-9A1B-B0BC10A3E4E9}.Release|Any CPU.Build.0 = Release|Any CPU
		{FB68CC80-72F1-4B5E-8047-B3D5894B3770}.Debug|Any CPU.ActiveCfg = Debug|Any CPU
		{FB68CC80-72F1-4B5E-8047-B3D5894B3770}.Debug|Any CPU.Build.0 = Debug|Any CPU
		{FB68CC80-72F1-4B5E-8047-B3D5894B3770}.Release|Any CPU.ActiveCfg = Release|Any CPU
		{FB68CC80-72F1-4B5E-8047-B3D5894B3770}.Release|Any CPU.Build.0 = Release|Any CPU
	EndGlobalSection
	GlobalSection(SolutionProperties) = preSolution
		HideSolutionNode = FALSE
	EndGlobalSection
	GlobalSection(ExtensibilityGlobals) = postSolution
		SolutionGuid = {5C098C5B-C13B-44B7-BE69-37AFD304BA95}
	EndGlobalSection
EndGlobal
